
Microsoft Visual Studio Solution File, Format Version 12.00
# Visual Studio Version 16
VisualStudioVersion = 16.0.30002.166
MinimumVisualStudioVersion = 10.0.40219.1
Project("{9A19103F-16F7-4668-BE54-9A1E7A4F7556}") = "BaiTap1", "BaiTap\BaiTap1.csproj", "{F5AB2319-C74B-41DD-A1E5-23478573AE13}"
EndProject
Project("{9A19103F-16F7-4668-BE54-9A1E7A4F7556}") = "BaiTap2", "BaiTap2\BaiTap2.csproj", "{3F5384AC-3872-480A-86E3-6A4789FABC12}"
EndProject
Project("{9A19103F-16F7-4668-BE54-9A1E7A4F7556}") = "BaiTap3", "BaiTap3\BaiTap3.csproj", "{9F70E1F8-BDE1-449D-9FE4-D7DEF3D166B5}"
EndProject
Project("{9A19103F-16F7-4668-BE54-9A1E7A4F7556}") = "BaiTapOOP", "BaiTapOOP\BaiTapOOP.csproj", "{B3298524-1FC0-41C5-8E33-8442669F13C2}"
EndProject
Project("{FAE04EC0-301F-11D3-BF4B-00C04F79EFBC}") = "BaiTapOOP2", "BaiTapOOP2\BaiTapOOP2.csproj", "{C858E6D3-7AEC-4EC8-B4F2-E373C3A749EE}"
EndProject
Global
	GlobalSection(SolutionConfigurationPlatforms) = preSolution
		Debug|Any CPU = Debug|Any CPU
		Release|Any CPU = Release|Any CPU
	EndGlobalSection
	GlobalSection(ProjectConfigurationPlatforms) = postSolution
		{F5AB2319-C74B-41DD-A1E5-23478573AE13}.Debug|Any CPU.ActiveCfg = Debug|Any CPU
		{F5AB2319-C74B-41DD-A1E5-23478573AE13}.Debug|Any CPU.Build.0 = Debug|Any CPU
		{F5AB2319-C74B-41DD-A1E5-23478573AE13}.Release|Any CPU.ActiveCfg = Release|Any CPU
		{F5AB2319-C74B-41DD-A1E5-23478573AE13}.Release|Any CPU.Build.0 = Release|Any CPU
		{3F5384AC-3872-480A-86E3-6A4789FABC12}.Debug|Any CPU.ActiveCfg = Debug|Any CPU
		{3F5384AC-3872-480A-86E3-6A4789FABC12}.Debug|Any CPU.Build.0 = Debug|Any CPU
		{3F5384AC-3872-480A-86E3-6A4789FABC12}.Release|Any CPU.ActiveCfg = Release|Any CPU
		{3F5384AC-3872-480A-86E3-6A4789FABC12}.Release|Any CPU.Build.0 = Release|Any CPU
		{9F70E1F8-BDE1-449D-9FE4-D7DEF3D166B5}.Debug|Any CPU.ActiveCfg = Debug|Any CPU
		{9F70E1F8-BDE1-449D-9FE4-D7DEF3D166B5}.Debug|Any CPU.Build.0 = Debug|Any CPU
		{9F70E1F8-BDE1-449D-9FE4-D7DEF3D166B5}.Release|Any CPU.ActiveCfg = Release|Any CPU
		{9F70E1F8-BDE1-449D-9FE4-D7DEF3D166B5}.Release|Any CPU.Build.0 = Release|Any CPU
		{B3298524-1FC0-41C5-8E33-8442669F13C2}.Debug|Any CPU.ActiveCfg = Debug|Any CPU
		{B3298524-1FC0-41C5-8E33-8442669F13C2}.Debug|Any CPU.Build.0 = Debug|Any CPU
		{B3298524-1FC0-41C5-8E33-8442669F13C2}.Release|Any CPU.ActiveCfg = Release|Any CPU
		{B3298524-1FC0-41C5-8E33-8442669F13C2}.Release|Any CPU.Build.0 = Release|Any CPU
		{C858E6D3-7AEC-4EC8-B4F2-E373C3A749EE}.Debug|Any CPU.ActiveCfg = Debug|Any CPU
		{C858E6D3-7AEC-4EC8-B4F2-E373C3A749EE}.Debug|Any CPU.Build.0 = Debug|Any CPU
		{C858E6D3-7AEC-4EC8-B4F2-E373C3A749EE}.Release|Any CPU.ActiveCfg = Release|Any CPU
		{C858E6D3-7AEC-4EC8-B4F2-E373C3A749EE}.Release|Any CPU.Build.0 = Release|Any CPU
	EndGlobalSection
	GlobalSection(SolutionProperties) = preSolution
		HideSolutionNode = FALSE
	EndGlobalSection
	GlobalSection(ExtensibilityGlobals) = postSolution
		SolutionGuid = {94FA64BB-E595-4626-9F58-520E2F8FD2E8}
	EndGlobalSection
EndGlobal
