
Microsoft Visual Studio Solution File, Format Version 12.00
# Visual Studio Version 16
VisualStudioVersion = 16.0.30002.166
MinimumVisualStudioVersion = 10.0.40219.1
Project("{9A19103F-16F7-4668-BE54-9A1E7A4F7556}") = "BaiTap1", "BaiTap\BaiTap1.csproj", "{F5AB2319-C74B-41DD-A1E5-23478573AE13}"
EndProject
Project("{9A19103F-16F7-4668-BE54-9A1E7A4F7556}") = "BaiTap2", "BaiTap2\BaiTap2.csproj", "{3F5384AC-3872-480A-86E3-6A4789FABC12}"
EndProject
Project("{9A19103F-16F7-4668-BE54-9A1E7A4F7556}") = "BaiTap3", "BaiTap3\BaiTap3.csproj", "{9F70E1F8-BDE1-449D-9FE4-D7DEF3D166B5}"
EndProject
Project("{9A19103F-16F7-4668-BE54-9A1E7A4F7556}") = "BaiTapOOP", "BaiTapOOP\BaiTapOOP.csproj", "{B3298524-1FC0-41C5-8E33-8442669F13C2}"
EndProject
Project("{9A19103F-16F7-4668-BE54-9A1E7A4F7556}") = "BaiTapOOP2", "BaiTapOOP2\BaiTapOOP2.csproj", "{C858E6D3-7AEC-4EC8-B4F2-E373C3A749EE}"
EndProject
Project("{9A19103F-16F7-4668-BE54-9A1E7A4F7556}") = "BaiTapOOP3", "BaiTapOOP3\BaiTapOOP3.csproj", "{000DB11C-B40A-4C58-8A32-2C397CAA8A23}"
EndProject
Project("{9A19103F-16F7-4668-BE54-9A1E7A4F7556}") = "AbstratPractice", "AbstratPractice\AbstratPractice.csproj", "{DB25C153-BB5E-4634-9DF4-504955B4CE44}"
EndProject
Project("{9A19103F-16F7-4668-BE54-9A1E7A4F7556}") = "BaiTapCollection", "BaiTapCollection\BaiTapCollection.csproj", "{EAE6F974-CE68-4B7B-AB68-C452B94FFFA7}"
EndProject
Project("{9A19103F-16F7-4668-BE54-9A1E7A4F7556}") = "BaiTapCollection2", "BaiTapCollection2\BaiTapCollection2.csproj", "{2CDDEE29-65B6-4953-B067-377E13C83C3C}"
EndProject
Project("{9A19103F-16F7-4668-BE54-9A1E7A4F7556}") = "KiemTra", "KiemTra\KiemTra.csproj", "{27BA2F75-659D-4F39-B8EA-7B1E355A949A}"
EndProject
Project("{9A19103F-16F7-4668-BE54-9A1E7A4F7556}") = "test", "test\test.csproj", "{FA865681-CBDB-4071-9D13-4742E3779785}"
EndProject
Project("{9A19103F-16F7-4668-BE54-9A1E7A4F7556}") = "Sorting", "Sorting\Sorting.csproj", "{80E3C1DB-597C-45DD-99AF-8AD98C97E685}"
EndProject
Project("{9A19103F-16F7-4668-BE54-9A1E7A4F7556}") = "TryCatchDemo", "TryCatchDemo\TryCatchDemo.csproj", "{3AFD33CD-A011-4FD9-A927-19026D71A9BD}"
EndProject
Project("{9A19103F-16F7-4668-BE54-9A1E7A4F7556}") = "FileIO", "FileIO\FileIO.csproj", "{E0EB645D-5BA4-4ABC-8E1B-F90FD561C16A}"
EndProject
Project("{9A19103F-16F7-4668-BE54-9A1E7A4F7556}") = "BaiTapFileIO", "BaiTapFileIO\BaiTapFileIO.csproj", "{C02E7E0C-91D7-468E-AEED-A731DED8F1F6}"
EndProject
Project("{2150E333-8FDC-42A3-9474-1A3956D46DE8}") = "Solution Items", "Solution Items", "{96E8734D-745A-44B4-A17F-45F6C2704591}"
	ProjectSection(SolutionItems) = preProject
		.editorconfig = .editorconfig
	EndProjectSection
EndProject
Project("{FAE04EC0-301F-11D3-BF4B-00C04F79EFBC}") = "ReadJSonFile", "ReadJSonFile\ReadJSonFile.csproj", "{C6541698-BA61-4028-8577-02BC750A0157}"
EndProject
Global
	GlobalSection(SolutionConfigurationPlatforms) = preSolution
		Debug|Any CPU = Debug|Any CPU
		Release|Any CPU = Release|Any CPU
	EndGlobalSection
	GlobalSection(ProjectConfigurationPlatforms) = postSolution
		{F5AB2319-C74B-41DD-A1E5-23478573AE13}.Debug|Any CPU.ActiveCfg = Debug|Any CPU
		{F5AB2319-C74B-41DD-A1E5-23478573AE13}.Debug|Any CPU.Build.0 = Debug|Any CPU
		{F5AB2319-C74B-41DD-A1E5-23478573AE13}.Release|Any CPU.ActiveCfg = Release|Any CPU
		{F5AB2319-C74B-41DD-A1E5-23478573AE13}.Release|Any CPU.Build.0 = Release|Any CPU
		{3F5384AC-3872-480A-86E3-6A4789FABC12}.Debug|Any CPU.ActiveCfg = Debug|Any CPU
		{3F5384AC-3872-480A-86E3-6A4789FABC12}.Debug|Any CPU.Build.0 = Debug|Any CPU
		{3F5384AC-3872-480A-86E3-6A4789FABC12}.Release|Any CPU.ActiveCfg = Release|Any CPU
		{3F5384AC-3872-480A-86E3-6A4789FABC12}.Release|Any CPU.Build.0 = Release|Any CPU
		{9F70E1F8-BDE1-449D-9FE4-D7DEF3D166B5}.Debug|Any CPU.ActiveCfg = Debug|Any CPU
		{9F70E1F8-BDE1-449D-9FE4-D7DEF3D166B5}.Debug|Any CPU.Build.0 = Debug|Any CPU
		{9F70E1F8-BDE1-449D-9FE4-D7DEF3D166B5}.Release|Any CPU.ActiveCfg = Release|Any CPU
		{9F70E1F8-BDE1-449D-9FE4-D7DEF3D166B5}.Release|Any CPU.Build.0 = Release|Any CPU
		{B3298524-1FC0-41C5-8E33-8442669F13C2}.Debug|Any CPU.ActiveCfg = Debug|Any CPU
		{B3298524-1FC0-41C5-8E33-8442669F13C2}.Debug|Any CPU.Build.0 = Debug|Any CPU
		{B3298524-1FC0-41C5-8E33-8442669F13C2}.Release|Any CPU.ActiveCfg = Release|Any CPU
		{B3298524-1FC0-41C5-8E33-8442669F13C2}.Release|Any CPU.Build.0 = Release|Any CPU
		{C858E6D3-7AEC-4EC8-B4F2-E373C3A749EE}.Debug|Any CPU.ActiveCfg = Debug|Any CPU
		{C858E6D3-7AEC-4EC8-B4F2-E373C3A749EE}.Debug|Any CPU.Build.0 = Debug|Any CPU
		{C858E6D3-7AEC-4EC8-B4F2-E373C3A749EE}.Release|Any CPU.ActiveCfg = Release|Any CPU
		{C858E6D3-7AEC-4EC8-B4F2-E373C3A749EE}.Release|Any CPU.Build.0 = Release|Any CPU
		{000DB11C-B40A-4C58-8A32-2C397CAA8A23}.Debug|Any CPU.ActiveCfg = Debug|Any CPU
		{000DB11C-B40A-4C58-8A32-2C397CAA8A23}.Debug|Any CPU.Build.0 = Debug|Any CPU
		{000DB11C-B40A-4C58-8A32-2C397CAA8A23}.Release|Any CPU.ActiveCfg = Release|Any CPU
		{000DB11C-B40A-4C58-8A32-2C397CAA8A23}.Release|Any CPU.Build.0 = Release|Any CPU
		{DB25C153-BB5E-4634-9DF4-504955B4CE44}.Debug|Any CPU.ActiveCfg = Debug|Any CPU
		{DB25C153-BB5E-4634-9DF4-504955B4CE44}.Debug|Any CPU.Build.0 = Debug|Any CPU
		{DB25C153-BB5E-4634-9DF4-504955B4CE44}.Release|Any CPU.ActiveCfg = Release|Any CPU
		{DB25C153-BB5E-4634-9DF4-504955B4CE44}.Release|Any CPU.Build.0 = Release|Any CPU
		{EAE6F974-CE68-4B7B-AB68-C452B94FFFA7}.Debug|Any CPU.ActiveCfg = Debug|Any CPU
		{EAE6F974-CE68-4B7B-AB68-C452B94FFFA7}.Debug|Any CPU.Build.0 = Debug|Any CPU
		{EAE6F974-CE68-4B7B-AB68-C452B94FFFA7}.Release|Any CPU.ActiveCfg = Release|Any CPU
		{EAE6F974-CE68-4B7B-AB68-C452B94FFFA7}.Release|Any CPU.Build.0 = Release|Any CPU
		{2CDDEE29-65B6-4953-B067-377E13C83C3C}.Debug|Any CPU.ActiveCfg = Debug|Any CPU
		{2CDDEE29-65B6-4953-B067-377E13C83C3C}.Debug|Any CPU.Build.0 = Debug|Any CPU
		{2CDDEE29-65B6-4953-B067-377E13C83C3C}.Release|Any CPU.ActiveCfg = Release|Any CPU
		{2CDDEE29-65B6-4953-B067-377E13C83C3C}.Release|Any CPU.Build.0 = Release|Any CPU
		{27BA2F75-659D-4F39-B8EA-7B1E355A949A}.Debug|Any CPU.ActiveCfg = Debug|Any CPU
		{27BA2F75-659D-4F39-B8EA-7B1E355A949A}.Debug|Any CPU.Build.0 = Debug|Any CPU
		{27BA2F75-659D-4F39-B8EA-7B1E355A949A}.Release|Any CPU.ActiveCfg = Release|Any CPU
		{27BA2F75-659D-4F39-B8EA-7B1E355A949A}.Release|Any CPU.Build.0 = Release|Any CPU
		{FA865681-CBDB-4071-9D13-4742E3779785}.Debug|Any CPU.ActiveCfg = Debug|Any CPU
		{FA865681-CBDB-4071-9D13-4742E3779785}.Debug|Any CPU.Build.0 = Debug|Any CPU
		{FA865681-CBDB-4071-9D13-4742E3779785}.Release|Any CPU.ActiveCfg = Release|Any CPU
		{FA865681-CBDB-4071-9D13-4742E3779785}.Release|Any CPU.Build.0 = Release|Any CPU
		{80E3C1DB-597C-45DD-99AF-8AD98C97E685}.Debug|Any CPU.ActiveCfg = Debug|Any CPU
		{80E3C1DB-597C-45DD-99AF-8AD98C97E685}.Debug|Any CPU.Build.0 = Debug|Any CPU
		{80E3C1DB-597C-45DD-99AF-8AD98C97E685}.Release|Any CPU.ActiveCfg = Release|Any CPU
		{80E3C1DB-597C-45DD-99AF-8AD98C97E685}.Release|Any CPU.Build.0 = Release|Any CPU
		{3AFD33CD-A011-4FD9-A927-19026D71A9BD}.Debug|Any CPU.ActiveCfg = Debug|Any CPU
		{3AFD33CD-A011-4FD9-A927-19026D71A9BD}.Debug|Any CPU.Build.0 = Debug|Any CPU
		{3AFD33CD-A011-4FD9-A927-19026D71A9BD}.Release|Any CPU.ActiveCfg = Release|Any CPU
		{3AFD33CD-A011-4FD9-A927-19026D71A9BD}.Release|Any CPU.Build.0 = Release|Any CPU
		{E0EB645D-5BA4-4ABC-8E1B-F90FD561C16A}.Debug|Any CPU.ActiveCfg = Debug|Any CPU
		{E0EB645D-5BA4-4ABC-8E1B-F90FD561C16A}.Debug|Any CPU.Build.0 = Debug|Any CPU
		{E0EB645D-5BA4-4ABC-8E1B-F90FD561C16A}.Release|Any CPU.ActiveCfg = Release|Any CPU
		{E0EB645D-5BA4-4ABC-8E1B-F90FD561C16A}.Release|Any CPU.Build.0 = Release|Any CPU
		{C02E7E0C-91D7-468E-AEED-A731DED8F1F6}.Debug|Any CPU.ActiveCfg = Debug|Any CPU
		{C02E7E0C-91D7-468E-AEED-A731DED8F1F6}.Debug|Any CPU.Build.0 = Debug|Any CPU
		{C02E7E0C-91D7-468E-AEED-A731DED8F1F6}.Release|Any CPU.ActiveCfg = Release|Any CPU
		{C02E7E0C-91D7-468E-AEED-A731DED8F1F6}.Release|Any CPU.Build.0 = Release|Any CPU
		{C6541698-BA61-4028-8577-02BC750A0157}.Debug|Any CPU.ActiveCfg = Debug|Any CPU
		{C6541698-BA61-4028-8577-02BC750A0157}.Debug|Any CPU.Build.0 = Debug|Any CPU
		{C6541698-BA61-4028-8577-02BC750A0157}.Release|Any CPU.ActiveCfg = Release|Any CPU
		{C6541698-BA61-4028-8577-02BC750A0157}.Release|Any CPU.Build.0 = Release|Any CPU
	EndGlobalSection
	GlobalSection(SolutionProperties) = preSolution
		HideSolutionNode = FALSE
	EndGlobalSection
	GlobalSection(ExtensibilityGlobals) = postSolution
		SolutionGuid = {94FA64BB-E595-4626-9F58-520E2F8FD2E8}
	EndGlobalSection
EndGlobal
