
Microsoft Visual Studio Solution File, Format Version 12.00
# Visual Studio Version 16
VisualStudioVersion = 16.0.29926.136
MinimumVisualStudioVersion = 10.0.40219.1
Project("{FAE04EC0-301F-11D3-BF4B-00C04F79EFBC}") = "LopHinhChuNhat", "LopHinhChuNhat\LopHinhChuNhat.csproj", "{72EA7093-E09F-48EB-BD43-8B742D639071}"
EndProject
Project("{FAE04EC0-301F-11D3-BF4B-00C04F79EFBC}") = "PhuongTrinhBac2", "PhuongTrinhBac2\PhuongTrinhBac2.csproj", "{B804ECB6-B18B-413C-9991-FE08A98F6956}"
EndProject
Project("{FAE04EC0-301F-11D3-BF4B-00C04F79EFBC}") = "StopWatch", "StopWatch\StopWatch.csproj", "{D917ED8A-DA12-4371-87C0-B19B33800406}"
EndProject
Global
	GlobalSection(SolutionConfigurationPlatforms) = preSolution
		Debug|Any CPU = Debug|Any CPU
		Release|Any CPU = Release|Any CPU
	EndGlobalSection
	GlobalSection(ProjectConfigurationPlatforms) = postSolution
		{72EA7093-E09F-48EB-BD43-8B742D639071}.Debug|Any CPU.ActiveCfg = Debug|Any CPU
		{72EA7093-E09F-48EB-BD43-8B742D639071}.Debug|Any CPU.Build.0 = Debug|Any CPU
		{72EA7093-E09F-48EB-BD43-8B742D639071}.Release|Any CPU.ActiveCfg = Release|Any CPU
		{72EA7093-E09F-48EB-BD43-8B742D639071}.Release|Any CPU.Build.0 = Release|Any CPU
		{B804ECB6-B18B-413C-9991-FE08A98F6956}.Debug|Any CPU.ActiveCfg = Debug|Any CPU
		{B804ECB6-B18B-413C-9991-FE08A98F6956}.Debug|Any CPU.Build.0 = Debug|Any CPU
		{B804ECB6-B18B-413C-9991-FE08A98F6956}.Release|Any CPU.ActiveCfg = Release|Any CPU
		{B804ECB6-B18B-413C-9991-FE08A98F6956}.Release|Any CPU.Build.0 = Release|Any CPU
		{D917ED8A-DA12-4371-87C0-B19B33800406}.Debug|Any CPU.ActiveCfg = Debug|Any CPU
		{D917ED8A-DA12-4371-87C0-B19B33800406}.Debug|Any CPU.Build.0 = Debug|Any CPU
		{D917ED8A-DA12-4371-87C0-B19B33800406}.Release|Any CPU.ActiveCfg = Release|Any CPU
		{D917ED8A-DA12-4371-87C0-B19B33800406}.Release|Any CPU.Build.0 = Release|Any CPU
	EndGlobalSection
	GlobalSection(SolutionProperties) = preSolution
		HideSolutionNode = FALSE
	EndGlobalSection
	GlobalSection(ExtensibilityGlobals) = postSolution
		SolutionGuid = {F35B7884-2617-424A-84DD-854F33EE9C0B}
	EndGlobalSection
EndGlobal
