
Microsoft Visual Studio Solution File, Format Version 12.00
# Visual Studio Version 16
VisualStudioVersion = 16.0.29920.165
MinimumVisualStudioVersion = 10.0.40219.1
Project("{9A19103F-16F7-4668-BE54-9A1E7A4F7556}") = "ThaoTacVoiMang", "MangVaPhuongThuc\ThaoTacVoiMang.csproj", "{1AD96B04-7FA5-4E41-B89A-25E44B9F1762}"
EndProject
Project("{9A19103F-16F7-4668-BE54-9A1E7A4F7556}") = "TimGiaTriTrongMang", "TimGiaTriTrongMang\TimGiaTriTrongMang.csproj", "{1494D94C-1778-4D50-80FD-4285B6B3BCDF}"
EndProject
Project("{9A19103F-16F7-4668-BE54-9A1E7A4F7556}") = "DaoNguocMang", "DaoNguocMang\DaoNguocMang.csproj", "{BD6C393E-1770-4055-8807-4C1CDD4FC53B}"
EndProject
Project("{9A19103F-16F7-4668-BE54-9A1E7A4F7556}") = "MineSweeper", "MineSweeper\MineSweeper.csproj", "{FF5A6F6A-4A46-48CF-BCFF-B630FA8EBD09}"
EndProject
Project("{9A19103F-16F7-4668-BE54-9A1E7A4F7556}") = "SinhVienThiDo", "SinhVienThiDo\SinhVienThiDo.csproj", "{FE9E7829-72E7-41D8-8D0C-C0853803C5AE}"
EndProject
Project("{9A19103F-16F7-4668-BE54-9A1E7A4F7556}") = "ChuyenDoiNhietDo", "ChuyenDoiNhietDo\ChuyenDoiNhietDo.csproj", "{49BC4868-E2F8-421D-B22E-EBB98F78B734}"
EndProject
Project("{9A19103F-16F7-4668-BE54-9A1E7A4F7556}") = "GiaTriLonNhatCuaMang", "GiaTriLonNhatCuaMang\GiaTriLonNhatCuaMang.csproj", "{C4BC7937-1BB9-42D8-B070-EB9FC067B007}"
EndProject
Project("{9A19103F-16F7-4668-BE54-9A1E7A4F7556}") = "GiaTriNhoNhatCuaMang", "GiaTriNhoNhatCuaMang\GiaTriNhoNhatCuaMang.csproj", "{C7F67C3F-B64A-4641-91FB-7B532FCEBE76}"
EndProject
Project("{9A19103F-16F7-4668-BE54-9A1E7A4F7556}") = "ThemPhanTuVaoMang", "ThemPhanTuVaoMang\ThemPhanTuVaoMang.csproj", "{F708A867-59A5-4C81-8CEB-A574FB88CAFC}"
EndProject
Project("{9A19103F-16F7-4668-BE54-9A1E7A4F7556}") = "XoaPhanTuKhoiMang", "XoaPhanTuKhoiMang\XoaPhanTuKhoiMang.csproj", "{FE3FB053-E2DE-4673-B5A0-91837B8D8D6F}"
EndProject
Project("{9A19103F-16F7-4668-BE54-9A1E7A4F7556}") = "PhanTuLonNhatMang2Chieu", "PhanTuLonNhatMang2Chieu\PhanTuLonNhatMang2Chieu.csproj", "{52EBC13B-F3A7-47CB-BBAB-00D3D821CB42}"
EndProject
Project("{9A19103F-16F7-4668-BE54-9A1E7A4F7556}") = "MENU++", "MENU++\MENU++.csproj", "{18DBD828-8696-4E75-A9A0-B8C45B1EB6E2}"
EndProject
Project("{FAE04EC0-301F-11D3-BF4B-00C04F79EFBC}") = "Gop2Mang", "Gop2Mang\Gop2Mang.csproj", "{84371FBE-5C27-43F7-8A45-DD4FD40AF2A3}"
EndProject
Global
	GlobalSection(SolutionConfigurationPlatforms) = preSolution
		Debug|Any CPU = Debug|Any CPU
		Release|Any CPU = Release|Any CPU
	EndGlobalSection
	GlobalSection(ProjectConfigurationPlatforms) = postSolution
		{1AD96B04-7FA5-4E41-B89A-25E44B9F1762}.Debug|Any CPU.ActiveCfg = Debug|Any CPU
		{1AD96B04-7FA5-4E41-B89A-25E44B9F1762}.Debug|Any CPU.Build.0 = Debug|Any CPU
		{1AD96B04-7FA5-4E41-B89A-25E44B9F1762}.Release|Any CPU.ActiveCfg = Release|Any CPU
		{1AD96B04-7FA5-4E41-B89A-25E44B9F1762}.Release|Any CPU.Build.0 = Release|Any CPU
		{1494D94C-1778-4D50-80FD-4285B6B3BCDF}.Debug|Any CPU.ActiveCfg = Debug|Any CPU
		{1494D94C-1778-4D50-80FD-4285B6B3BCDF}.Debug|Any CPU.Build.0 = Debug|Any CPU
		{1494D94C-1778-4D50-80FD-4285B6B3BCDF}.Release|Any CPU.ActiveCfg = Release|Any CPU
		{1494D94C-1778-4D50-80FD-4285B6B3BCDF}.Release|Any CPU.Build.0 = Release|Any CPU
		{BD6C393E-1770-4055-8807-4C1CDD4FC53B}.Debug|Any CPU.ActiveCfg = Debug|Any CPU
		{BD6C393E-1770-4055-8807-4C1CDD4FC53B}.Debug|Any CPU.Build.0 = Debug|Any CPU
		{BD6C393E-1770-4055-8807-4C1CDD4FC53B}.Release|Any CPU.ActiveCfg = Release|Any CPU
		{BD6C393E-1770-4055-8807-4C1CDD4FC53B}.Release|Any CPU.Build.0 = Release|Any CPU
		{FF5A6F6A-4A46-48CF-BCFF-B630FA8EBD09}.Debug|Any CPU.ActiveCfg = Debug|Any CPU
		{FF5A6F6A-4A46-48CF-BCFF-B630FA8EBD09}.Debug|Any CPU.Build.0 = Debug|Any CPU
		{FF5A6F6A-4A46-48CF-BCFF-B630FA8EBD09}.Release|Any CPU.ActiveCfg = Release|Any CPU
		{FF5A6F6A-4A46-48CF-BCFF-B630FA8EBD09}.Release|Any CPU.Build.0 = Release|Any CPU
		{FE9E7829-72E7-41D8-8D0C-C0853803C5AE}.Debug|Any CPU.ActiveCfg = Debug|Any CPU
		{FE9E7829-72E7-41D8-8D0C-C0853803C5AE}.Debug|Any CPU.Build.0 = Debug|Any CPU
		{FE9E7829-72E7-41D8-8D0C-C0853803C5AE}.Release|Any CPU.ActiveCfg = Release|Any CPU
		{FE9E7829-72E7-41D8-8D0C-C0853803C5AE}.Release|Any CPU.Build.0 = Release|Any CPU
		{49BC4868-E2F8-421D-B22E-EBB98F78B734}.Debug|Any CPU.ActiveCfg = Debug|Any CPU
		{49BC4868-E2F8-421D-B22E-EBB98F78B734}.Debug|Any CPU.Build.0 = Debug|Any CPU
		{49BC4868-E2F8-421D-B22E-EBB98F78B734}.Release|Any CPU.ActiveCfg = Release|Any CPU
		{49BC4868-E2F8-421D-B22E-EBB98F78B734}.Release|Any CPU.Build.0 = Release|Any CPU
		{C4BC7937-1BB9-42D8-B070-EB9FC067B007}.Debug|Any CPU.ActiveCfg = Debug|Any CPU
		{C4BC7937-1BB9-42D8-B070-EB9FC067B007}.Debug|Any CPU.Build.0 = Debug|Any CPU
		{C4BC7937-1BB9-42D8-B070-EB9FC067B007}.Release|Any CPU.ActiveCfg = Release|Any CPU
		{C4BC7937-1BB9-42D8-B070-EB9FC067B007}.Release|Any CPU.Build.0 = Release|Any CPU
		{C7F67C3F-B64A-4641-91FB-7B532FCEBE76}.Debug|Any CPU.ActiveCfg = Debug|Any CPU
		{C7F67C3F-B64A-4641-91FB-7B532FCEBE76}.Debug|Any CPU.Build.0 = Debug|Any CPU
		{C7F67C3F-B64A-4641-91FB-7B532FCEBE76}.Release|Any CPU.ActiveCfg = Release|Any CPU
		{C7F67C3F-B64A-4641-91FB-7B532FCEBE76}.Release|Any CPU.Build.0 = Release|Any CPU
		{F708A867-59A5-4C81-8CEB-A574FB88CAFC}.Debug|Any CPU.ActiveCfg = Debug|Any CPU
		{F708A867-59A5-4C81-8CEB-A574FB88CAFC}.Debug|Any CPU.Build.0 = Debug|Any CPU
		{F708A867-59A5-4C81-8CEB-A574FB88CAFC}.Release|Any CPU.ActiveCfg = Release|Any CPU
		{F708A867-59A5-4C81-8CEB-A574FB88CAFC}.Release|Any CPU.Build.0 = Release|Any CPU
		{FE3FB053-E2DE-4673-B5A0-91837B8D8D6F}.Debug|Any CPU.ActiveCfg = Debug|Any CPU
		{FE3FB053-E2DE-4673-B5A0-91837B8D8D6F}.Debug|Any CPU.Build.0 = Debug|Any CPU
		{FE3FB053-E2DE-4673-B5A0-91837B8D8D6F}.Release|Any CPU.ActiveCfg = Release|Any CPU
		{FE3FB053-E2DE-4673-B5A0-91837B8D8D6F}.Release|Any CPU.Build.0 = Release|Any CPU
		{52EBC13B-F3A7-47CB-BBAB-00D3D821CB42}.Debug|Any CPU.ActiveCfg = Debug|Any CPU
		{52EBC13B-F3A7-47CB-BBAB-00D3D821CB42}.Debug|Any CPU.Build.0 = Debug|Any CPU
		{52EBC13B-F3A7-47CB-BBAB-00D3D821CB42}.Release|Any CPU.ActiveCfg = Release|Any CPU
		{52EBC13B-F3A7-47CB-BBAB-00D3D821CB42}.Release|Any CPU.Build.0 = Release|Any CPU
		{18DBD828-8696-4E75-A9A0-B8C45B1EB6E2}.Debug|Any CPU.ActiveCfg = Debug|Any CPU
		{18DBD828-8696-4E75-A9A0-B8C45B1EB6E2}.Debug|Any CPU.Build.0 = Debug|Any CPU
		{18DBD828-8696-4E75-A9A0-B8C45B1EB6E2}.Release|Any CPU.ActiveCfg = Release|Any CPU
		{18DBD828-8696-4E75-A9A0-B8C45B1EB6E2}.Release|Any CPU.Build.0 = Release|Any CPU
		{84371FBE-5C27-43F7-8A45-DD4FD40AF2A3}.Debug|Any CPU.ActiveCfg = Debug|Any CPU
		{84371FBE-5C27-43F7-8A45-DD4FD40AF2A3}.Debug|Any CPU.Build.0 = Debug|Any CPU
		{84371FBE-5C27-43F7-8A45-DD4FD40AF2A3}.Release|Any CPU.ActiveCfg = Release|Any CPU
		{84371FBE-5C27-43F7-8A45-DD4FD40AF2A3}.Release|Any CPU.Build.0 = Release|Any CPU
	EndGlobalSection
	GlobalSection(SolutionProperties) = preSolution
		HideSolutionNode = FALSE
	EndGlobalSection
	GlobalSection(ExtensibilityGlobals) = postSolution
		SolutionGuid = {0F0E4FD7-0C6C-4E18-AF79-EAA7432BCED8}
	EndGlobalSection
EndGlobal
