
Microsoft Visual Studio Solution File, Format Version 12.00
# Visual Studio Version 16
VisualStudioVersion = 16.0.29920.165
MinimumVisualStudioVersion = 10.0.40219.1
Project("{FAE04EC0-301F-11D3-BF4B-00C04F79EFBC}") = "SoNguyenTo", "SoNguyenTo\SoNguyenTo.csproj", "{9E26EEFE-E965-4477-AE66-26AB16622816}"
EndProject
Project("{FAE04EC0-301F-11D3-BF4B-00C04F79EFBC}") = "Datetime", "Datetime\Datetime.csproj", "{8EB0184D-7A56-49FC-8E49-6BAEA959206E}"
EndProject
Project("{FAE04EC0-301F-11D3-BF4B-00C04F79EFBC}") = "Dientichhinhchnhat", "Dientichhinhchnhat\Dientichhinhchnhat.csproj", "{FC158B2E-A851-4633-897D-F294B53BDF33}"
EndProject
Global
	GlobalSection(SolutionConfigurationPlatforms) = preSolution
		Debug|Any CPU = Debug|Any CPU
		Release|Any CPU = Release|Any CPU
	EndGlobalSection
	GlobalSection(ProjectConfigurationPlatforms) = postSolution
		{9E26EEFE-E965-4477-AE66-26AB16622816}.Debug|Any CPU.ActiveCfg = Debug|Any CPU
		{9E26EEFE-E965-4477-AE66-26AB16622816}.Debug|Any CPU.Build.0 = Debug|Any CPU
		{9E26EEFE-E965-4477-AE66-26AB16622816}.Release|Any CPU.ActiveCfg = Release|Any CPU
		{9E26EEFE-E965-4477-AE66-26AB16622816}.Release|Any CPU.Build.0 = Release|Any CPU
		{8EB0184D-7A56-49FC-8E49-6BAEA959206E}.Debug|Any CPU.ActiveCfg = Debug|Any CPU
		{8EB0184D-7A56-49FC-8E49-6BAEA959206E}.Debug|Any CPU.Build.0 = Debug|Any CPU
		{8EB0184D-7A56-49FC-8E49-6BAEA959206E}.Release|Any CPU.ActiveCfg = Release|Any CPU
		{8EB0184D-7A56-49FC-8E49-6BAEA959206E}.Release|Any CPU.Build.0 = Release|Any CPU
		{FC158B2E-A851-4633-897D-F294B53BDF33}.Debug|Any CPU.ActiveCfg = Debug|Any CPU
		{FC158B2E-A851-4633-897D-F294B53BDF33}.Debug|Any CPU.Build.0 = Debug|Any CPU
		{FC158B2E-A851-4633-897D-F294B53BDF33}.Release|Any CPU.ActiveCfg = Release|Any CPU
		{FC158B2E-A851-4633-897D-F294B53BDF33}.Release|Any CPU.Build.0 = Release|Any CPU
	EndGlobalSection
	GlobalSection(SolutionProperties) = preSolution
		HideSolutionNode = FALSE
	EndGlobalSection
	GlobalSection(ExtensibilityGlobals) = postSolution
		SolutionGuid = {A5E44135-5801-4F64-9C78-55347443A2E2}
	EndGlobalSection
EndGlobal
