
Microsoft Visual Studio Solution File, Format Version 12.00
# Visual Studio Version 16
VisualStudioVersion = 16.0.29920.165
MinimumVisualStudioVersion = 10.0.40219.1
Project("{9A19103F-16F7-4668-BE54-9A1E7A4F7556}") = "SoNguyenTo", "SoNguyenTo\SoNguyenTo.csproj", "{9E26EEFE-E965-4477-AE66-26AB16622816}"
EndProject
Project("{9A19103F-16F7-4668-BE54-9A1E7A4F7556}") = "Datetime", "Datetime\Datetime.csproj", "{8EB0184D-7A56-49FC-8E49-6BAEA959206E}"
EndProject
Project("{9A19103F-16F7-4668-BE54-9A1E7A4F7556}") = "Dientichhinhchnhat", "Dientichhinhchnhat\Dientichhinhchnhat.csproj", "{FC158B2E-A851-4633-897D-F294B53BDF33}"
EndProject
Project("{9A19103F-16F7-4668-BE54-9A1E7A4F7556}") = "kiemtranamnhuan", "kiemtranamnhuan\kiemtranamnhuan.csproj", "{9FD360CD-63C9-4F1D-B223-7CD27A1EA932}"
EndProject
Project("{9A19103F-16F7-4668-BE54-9A1E7A4F7556}") = "menu", "menu\menu.csproj", "{141ECF7B-6117-4C86-8898-7534FA6BDC62}"
EndProject
Project("{9A19103F-16F7-4668-BE54-9A1E7A4F7556}") = "tienlai", "tienlai\tienlai.csproj", "{AD7EF21D-D1E7-475E-8AF1-59EC5E16F5EE}"
EndProject
Project("{9A19103F-16F7-4668-BE54-9A1E7A4F7556}") = "UocChungLonNhat", "UocChungLonNhat\UocChungLonNhat.csproj", "{157756F7-9F2D-44F0-BBB9-19D72D8DA263}"
EndProject
Project("{9A19103F-16F7-4668-BE54-9A1E7A4F7556}") = "SoNgayTrongThang", "SoNgayTrongThang\SoNgayTrongThang.csproj", "{BC33302C-8B31-4382-9E5F-489464ED0549}"
EndProject
Project("{9A19103F-16F7-4668-BE54-9A1E7A4F7556}") = "debug", "debug\debug.csproj", "{04FDFDFD-1693-4DAA-BFD0-613416020B9D}"
EndProject
Project("{9A19103F-16F7-4668-BE54-9A1E7A4F7556}") = "PhuongTrinhBacNhat", "PhuongTrinhBacNhat\PhuongTrinhBacNhat.csproj", "{79858587-1D16-435D-A267-4CC089C53926}"
EndProject
Project("{9A19103F-16F7-4668-BE54-9A1E7A4F7556}") = "KhaiBaoSuDungBien", "KhaiBaoSuDungBien\KhaiBaoSuDungBien.csproj", "{99E1FC00-FCD8-428D-BAE9-BC633493781B}"
EndProject
Project("{9A19103F-16F7-4668-BE54-9A1E7A4F7556}") = "ChiSoCanNang", "ChiSoCanNang\ChiSoCanNang.csproj", "{38025EE8-3047-46C0-BACE-23AC759CC58E}"
EndProject
Project("{9A19103F-16F7-4668-BE54-9A1E7A4F7556}") = "LoiChao", "LoiChao\LoiChao.csproj", "{35301579-A38B-4C54-95ED-C0E03CF413D9}"
EndProject
Project("{9A19103F-16F7-4668-BE54-9A1E7A4F7556}") = "SoThanhChu", "SoThanhChu\SoThanhChu.csproj", "{8C349930-CDAE-40F9-926B-6C8CF4E6A637}"
EndProject
Project("{9A19103F-16F7-4668-BE54-9A1E7A4F7556}") = "SoNguyenToNhoHon100", "SoNguyenToNhoHon100\SoNguyenToNhoHon100.csproj", "{981A744D-1A6A-4154-A311-5FE9B64DB086}"
EndProject
Project("{9A19103F-16F7-4668-BE54-9A1E7A4F7556}") = "HienThiCacLoaiHinh", "HienThiCacLoaiHinh\HienThiCacLoaiHinh.csproj", "{39281E0F-73E3-4F7D-A8D9-4C6B37063E2A}"
EndProject
Project("{FAE04EC0-301F-11D3-BF4B-00C04F79EFBC}") = "ChuyenTien", "ChuyenTien\ChuyenTien.csproj", "{90E9916D-E920-4032-A7D6-DB5BC27558F8}"
EndProject
Global
	GlobalSection(SolutionConfigurationPlatforms) = preSolution
		Debug|Any CPU = Debug|Any CPU
		Release|Any CPU = Release|Any CPU
	EndGlobalSection
	GlobalSection(ProjectConfigurationPlatforms) = postSolution
		{9E26EEFE-E965-4477-AE66-26AB16622816}.Debug|Any CPU.ActiveCfg = Debug|Any CPU
		{9E26EEFE-E965-4477-AE66-26AB16622816}.Debug|Any CPU.Build.0 = Debug|Any CPU
		{9E26EEFE-E965-4477-AE66-26AB16622816}.Release|Any CPU.ActiveCfg = Release|Any CPU
		{9E26EEFE-E965-4477-AE66-26AB16622816}.Release|Any CPU.Build.0 = Release|Any CPU
		{8EB0184D-7A56-49FC-8E49-6BAEA959206E}.Debug|Any CPU.ActiveCfg = Debug|Any CPU
		{8EB0184D-7A56-49FC-8E49-6BAEA959206E}.Debug|Any CPU.Build.0 = Debug|Any CPU
		{8EB0184D-7A56-49FC-8E49-6BAEA959206E}.Release|Any CPU.ActiveCfg = Release|Any CPU
		{8EB0184D-7A56-49FC-8E49-6BAEA959206E}.Release|Any CPU.Build.0 = Release|Any CPU
		{FC158B2E-A851-4633-897D-F294B53BDF33}.Debug|Any CPU.ActiveCfg = Debug|Any CPU
		{FC158B2E-A851-4633-897D-F294B53BDF33}.Debug|Any CPU.Build.0 = Debug|Any CPU
		{FC158B2E-A851-4633-897D-F294B53BDF33}.Release|Any CPU.ActiveCfg = Release|Any CPU
		{FC158B2E-A851-4633-897D-F294B53BDF33}.Release|Any CPU.Build.0 = Release|Any CPU
		{9FD360CD-63C9-4F1D-B223-7CD27A1EA932}.Debug|Any CPU.ActiveCfg = Debug|Any CPU
		{9FD360CD-63C9-4F1D-B223-7CD27A1EA932}.Debug|Any CPU.Build.0 = Debug|Any CPU
		{9FD360CD-63C9-4F1D-B223-7CD27A1EA932}.Release|Any CPU.ActiveCfg = Release|Any CPU
		{9FD360CD-63C9-4F1D-B223-7CD27A1EA932}.Release|Any CPU.Build.0 = Release|Any CPU
		{141ECF7B-6117-4C86-8898-7534FA6BDC62}.Debug|Any CPU.ActiveCfg = Debug|Any CPU
		{141ECF7B-6117-4C86-8898-7534FA6BDC62}.Debug|Any CPU.Build.0 = Debug|Any CPU
		{141ECF7B-6117-4C86-8898-7534FA6BDC62}.Release|Any CPU.ActiveCfg = Release|Any CPU
		{141ECF7B-6117-4C86-8898-7534FA6BDC62}.Release|Any CPU.Build.0 = Release|Any CPU
		{AD7EF21D-D1E7-475E-8AF1-59EC5E16F5EE}.Debug|Any CPU.ActiveCfg = Debug|Any CPU
		{AD7EF21D-D1E7-475E-8AF1-59EC5E16F5EE}.Debug|Any CPU.Build.0 = Debug|Any CPU
		{AD7EF21D-D1E7-475E-8AF1-59EC5E16F5EE}.Release|Any CPU.ActiveCfg = Release|Any CPU
		{AD7EF21D-D1E7-475E-8AF1-59EC5E16F5EE}.Release|Any CPU.Build.0 = Release|Any CPU
		{157756F7-9F2D-44F0-BBB9-19D72D8DA263}.Debug|Any CPU.ActiveCfg = Debug|Any CPU
		{157756F7-9F2D-44F0-BBB9-19D72D8DA263}.Debug|Any CPU.Build.0 = Debug|Any CPU
		{157756F7-9F2D-44F0-BBB9-19D72D8DA263}.Release|Any CPU.ActiveCfg = Release|Any CPU
		{157756F7-9F2D-44F0-BBB9-19D72D8DA263}.Release|Any CPU.Build.0 = Release|Any CPU
		{BC33302C-8B31-4382-9E5F-489464ED0549}.Debug|Any CPU.ActiveCfg = Debug|Any CPU
		{BC33302C-8B31-4382-9E5F-489464ED0549}.Debug|Any CPU.Build.0 = Debug|Any CPU
		{BC33302C-8B31-4382-9E5F-489464ED0549}.Release|Any CPU.ActiveCfg = Release|Any CPU
		{BC33302C-8B31-4382-9E5F-489464ED0549}.Release|Any CPU.Build.0 = Release|Any CPU
		{04FDFDFD-1693-4DAA-BFD0-613416020B9D}.Debug|Any CPU.ActiveCfg = Debug|Any CPU
		{04FDFDFD-1693-4DAA-BFD0-613416020B9D}.Debug|Any CPU.Build.0 = Debug|Any CPU
		{04FDFDFD-1693-4DAA-BFD0-613416020B9D}.Release|Any CPU.ActiveCfg = Release|Any CPU
		{04FDFDFD-1693-4DAA-BFD0-613416020B9D}.Release|Any CPU.Build.0 = Release|Any CPU
		{79858587-1D16-435D-A267-4CC089C53926}.Debug|Any CPU.ActiveCfg = Debug|Any CPU
		{79858587-1D16-435D-A267-4CC089C53926}.Debug|Any CPU.Build.0 = Debug|Any CPU
		{79858587-1D16-435D-A267-4CC089C53926}.Release|Any CPU.ActiveCfg = Release|Any CPU
		{79858587-1D16-435D-A267-4CC089C53926}.Release|Any CPU.Build.0 = Release|Any CPU
		{99E1FC00-FCD8-428D-BAE9-BC633493781B}.Debug|Any CPU.ActiveCfg = Debug|Any CPU
		{99E1FC00-FCD8-428D-BAE9-BC633493781B}.Debug|Any CPU.Build.0 = Debug|Any CPU
		{99E1FC00-FCD8-428D-BAE9-BC633493781B}.Release|Any CPU.ActiveCfg = Release|Any CPU
		{99E1FC00-FCD8-428D-BAE9-BC633493781B}.Release|Any CPU.Build.0 = Release|Any CPU
		{38025EE8-3047-46C0-BACE-23AC759CC58E}.Debug|Any CPU.ActiveCfg = Debug|Any CPU
		{38025EE8-3047-46C0-BACE-23AC759CC58E}.Debug|Any CPU.Build.0 = Debug|Any CPU
		{38025EE8-3047-46C0-BACE-23AC759CC58E}.Release|Any CPU.ActiveCfg = Release|Any CPU
		{38025EE8-3047-46C0-BACE-23AC759CC58E}.Release|Any CPU.Build.0 = Release|Any CPU
		{35301579-A38B-4C54-95ED-C0E03CF413D9}.Debug|Any CPU.ActiveCfg = Debug|Any CPU
		{35301579-A38B-4C54-95ED-C0E03CF413D9}.Debug|Any CPU.Build.0 = Debug|Any CPU
		{35301579-A38B-4C54-95ED-C0E03CF413D9}.Release|Any CPU.ActiveCfg = Release|Any CPU
		{35301579-A38B-4C54-95ED-C0E03CF413D9}.Release|Any CPU.Build.0 = Release|Any CPU
		{8C349930-CDAE-40F9-926B-6C8CF4E6A637}.Debug|Any CPU.ActiveCfg = Debug|Any CPU
		{8C349930-CDAE-40F9-926B-6C8CF4E6A637}.Debug|Any CPU.Build.0 = Debug|Any CPU
		{8C349930-CDAE-40F9-926B-6C8CF4E6A637}.Release|Any CPU.ActiveCfg = Release|Any CPU
		{8C349930-CDAE-40F9-926B-6C8CF4E6A637}.Release|Any CPU.Build.0 = Release|Any CPU
		{981A744D-1A6A-4154-A311-5FE9B64DB086}.Debug|Any CPU.ActiveCfg = Debug|Any CPU
		{981A744D-1A6A-4154-A311-5FE9B64DB086}.Debug|Any CPU.Build.0 = Debug|Any CPU
		{981A744D-1A6A-4154-A311-5FE9B64DB086}.Release|Any CPU.ActiveCfg = Release|Any CPU
		{981A744D-1A6A-4154-A311-5FE9B64DB086}.Release|Any CPU.Build.0 = Release|Any CPU
		{39281E0F-73E3-4F7D-A8D9-4C6B37063E2A}.Debug|Any CPU.ActiveCfg = Debug|Any CPU
		{39281E0F-73E3-4F7D-A8D9-4C6B37063E2A}.Debug|Any CPU.Build.0 = Debug|Any CPU
		{39281E0F-73E3-4F7D-A8D9-4C6B37063E2A}.Release|Any CPU.ActiveCfg = Release|Any CPU
		{39281E0F-73E3-4F7D-A8D9-4C6B37063E2A}.Release|Any CPU.Build.0 = Release|Any CPU
		{90E9916D-E920-4032-A7D6-DB5BC27558F8}.Debug|Any CPU.ActiveCfg = Debug|Any CPU
		{90E9916D-E920-4032-A7D6-DB5BC27558F8}.Debug|Any CPU.Build.0 = Debug|Any CPU
		{90E9916D-E920-4032-A7D6-DB5BC27558F8}.Release|Any CPU.ActiveCfg = Release|Any CPU
		{90E9916D-E920-4032-A7D6-DB5BC27558F8}.Release|Any CPU.Build.0 = Release|Any CPU
	EndGlobalSection
	GlobalSection(SolutionProperties) = preSolution
		HideSolutionNode = FALSE
	EndGlobalSection
	GlobalSection(ExtensibilityGlobals) = postSolution
		SolutionGuid = {A5E44135-5801-4F64-9C78-55347443A2E2}
	EndGlobalSection
EndGlobal
